
Microsoft Visual Studio Solution File, Format Version 12.00
# Visual Studio 2012
Project("{FAE04EC0-301F-11D3-BF4B-00C04F79EFBC}") = "evenoddsums12", "evenoddsums12\evenoddsums12.csproj", "{DB78952B-0ED6-4C13-AEF3-9B863130E118}"
EndProject
Global
	GlobalSection(SolutionConfigurationPlatforms) = preSolution
		Debug|x86 = Debug|x86
		Release|x86 = Release|x86
	EndGlobalSection
	GlobalSection(ProjectConfigurationPlatforms) = postSolution
		{DB78952B-0ED6-4C13-AEF3-9B863130E118}.Debug|x86.ActiveCfg = Debug|x86
		{DB78952B-0ED6-4C13-AEF3-9B863130E118}.Debug|x86.Build.0 = Debug|x86
		{DB78952B-0ED6-4C13-AEF3-9B863130E118}.Release|x86.ActiveCfg = Release|x86
		{DB78952B-0ED6-4C13-AEF3-9B863130E118}.Release|x86.Build.0 = Release|x86
	EndGlobalSection
EndGlobal
